
Microsoft Visual Studio Solution File, Format Version 12.00
# Visual Studio Version 16
VisualStudioVersion = 16.0.31729.503
MinimumVisualStudioVersion = 10.0.40219.1
Project("{8BC9CEB8-8B4A-11D0-8D11-00A0C91BC942}") = "HW", "HW\HW.vcxproj", "{55EAC8B7-7768-4A9D-AB76-0E7E5522DB70}"
EndProject
Global
	GlobalSection(SolutionConfigurationPlatforms) = preSolution
		Debug|x64 = Debug|x64
		Debug|x86 = Debug|x86
		Release|x64 = Release|x64
		Release|x86 = Release|x86
	EndGlobalSection
	GlobalSection(ProjectConfigurationPlatforms) = postSolution
		{55EAC8B7-7768-4A9D-AB76-0E7E5522DB70}.Debug|x64.ActiveCfg = Debug|x64
		{55EAC8B7-7768-4A9D-AB76-0E7E5522DB70}.Debug|x64.Build.0 = Debug|x64
		{55EAC8B7-7768-4A9D-AB76-0E7E5522DB70}.Debug|x86.ActiveCfg = Debug|Win32
		{55EAC8B7-7768-4A9D-AB76-0E7E5522DB70}.Debug|x86.Build.0 = Debug|Win32
		{55EAC8B7-7768-4A9D-AB76-0E7E5522DB70}.Release|x64.ActiveCfg = Release|x64
		{55EAC8B7-7768-4A9D-AB76-0E7E5522DB70}.Release|x64.Build.0 = Release|x64
		{55EAC8B7-7768-4A9D-AB76-0E7E5522DB70}.Release|x86.ActiveCfg = Release|Win32
		{55EAC8B7-7768-4A9D-AB76-0E7E5522DB70}.Release|x86.Build.0 = Release|Win32
	EndGlobalSection
	GlobalSection(SolutionProperties) = preSolution
		HideSolutionNode = FALSE
	EndGlobalSection
	GlobalSection(ExtensibilityGlobals) = postSolution
		SolutionGuid = {DF60D43C-F156-4F15-BA1F-603B267F008F}
	EndGlobalSection
EndGlobal
